
Microsoft Visual Studio Solution File, Format Version 12.00
# Visual Studio Version 17
VisualStudioVersion = 17.5.33627.172
MinimumVisualStudioVersion = 10.0.40219.1
Project("{FAE04EC0-301F-11D3-BF4B-00C04F79EFBC}") = "BankAccountManagement", "BankAccountManagement\BankAccountManagement.csproj", "{D2FC2C2B-25D2-4234-AAFD-CC9C02C51AFC}"
EndProject
Project("{FAE04EC0-301F-11D3-BF4B-00C04F79EFBC}") = "Repository", "Repository\Repository.csproj", "{B103C68C-3BA3-45DA-AED4-A2D92A2A9201}"
EndProject
Global
	GlobalSection(SolutionConfigurationPlatforms) = preSolution
		Debug|Any CPU = Debug|Any CPU
		Release|Any CPU = Release|Any CPU
	EndGlobalSection
	GlobalSection(ProjectConfigurationPlatforms) = postSolution
		{D2FC2C2B-25D2-4234-AAFD-CC9C02C51AFC}.Debug|Any CPU.ActiveCfg = Debug|Any CPU
		{D2FC2C2B-25D2-4234-AAFD-CC9C02C51AFC}.Debug|Any CPU.Build.0 = Debug|Any CPU
		{D2FC2C2B-25D2-4234-AAFD-CC9C02C51AFC}.Release|Any CPU.ActiveCfg = Release|Any CPU
		{D2FC2C2B-25D2-4234-AAFD-CC9C02C51AFC}.Release|Any CPU.Build.0 = Release|Any CPU
		{B103C68C-3BA3-45DA-AED4-A2D92A2A9201}.Debug|Any CPU.ActiveCfg = Debug|Any CPU
		{B103C68C-3BA3-45DA-AED4-A2D92A2A9201}.Debug|Any CPU.Build.0 = Debug|Any CPU
		{B103C68C-3BA3-45DA-AED4-A2D92A2A9201}.Release|Any CPU.ActiveCfg = Release|Any CPU
		{B103C68C-3BA3-45DA-AED4-A2D92A2A9201}.Release|Any CPU.Build.0 = Release|Any CPU
	EndGlobalSection
	GlobalSection(SolutionProperties) = preSolution
		HideSolutionNode = FALSE
	EndGlobalSection
	GlobalSection(ExtensibilityGlobals) = postSolution
		SolutionGuid = {BCD8E781-0AD5-4852-A647-0C368E2F5E34}
	EndGlobalSection
EndGlobal
